// !$*UTF8*$!
{
	archiveVersion = 1;
	classes = {
	};
	objectVersion = 46;
	objects = {

/* Begin PBXBuildFile section */
		7B97116F1BD589A800B0080C /* AppDelegate.swift in Sources */ = {isa = PBXBuildFile; fileRef = 7B97116E1BD589A800B0080C /* AppDelegate.swift */; };
		7B9711711BD589A800B0080C /* ViewController.swift in Sources */ = {isa = PBXBuildFile; fileRef = 7B9711701BD589A800B0080C /* ViewController.swift */; };
		7B9711741BD589A800B0080C /* Main.storyboard in Resources */ = {isa = PBXBuildFile; fileRef = 7B9711721BD589A800B0080C /* Main.storyboard */; };
		7B9711771BD589A800B0080C /* INTEGRATIONSERVERTEST.xcdatamodeld in Sources */ = {isa = PBXBuildFile; fileRef = 7B9711751BD589A800B0080C /* INTEGRATIONSERVERTEST.xcdatamodeld */; };
		7B9711791BD589A800B0080C /* Assets.xcassets in Resources */ = {isa = PBXBuildFile; fileRef = 7B9711781BD589A800B0080C /* Assets.xcassets */; };
		7B97117C1BD589A800B0080C /* LaunchScreen.storyboard in Resources */ = {isa = PBXBuildFile; fileRef = 7B97117A1BD589A800B0080C /* LaunchScreen.storyboard */; };
		7B9711871BD589A800B0080C /* INTEGRATIONSERVERTESTTests.swift in Sources */ = {isa = PBXBuildFile; fileRef = 7B9711861BD589A800B0080C /* INTEGRATIONSERVERTESTTests.swift */; };
		7B9711921BD589A800B0080C /* INTEGRATIONSERVERTESTUITests.swift in Sources */ = {isa = PBXBuildFile; fileRef = 7B9711911BD589A800B0080C /* INTEGRATIONSERVERTESTUITests.swift */; };
/* End PBXBuildFile section */

/* Begin PBXContainerItemProxy section */
		7B9711831BD589A800B0080C /* PBXContainerItemProxy */ = {
			isa = PBXContainerItemProxy;
			containerPortal = 7B9711631BD589A800B0080C /* Project object */;
			proxyType = 1;
			remoteGlobalIDString = 7B97116A1BD589A800B0080C;
			remoteInfo = INTEGRATIONSERVERTEST;
		};
		7B97118E1BD589A800B0080C /* PBXContainerItemProxy */ = {
			isa = PBXContainerItemProxy;
			containerPortal = 7B9711631BD589A800B0080C /* Project object */;
			proxyType = 1;
			remoteGlobalIDString = 7B97116A1BD589A800B0080C;
			remoteInfo = INTEGRATIONSERVERTEST;
		};
/* End PBXContainerItemProxy section */

/* Begin PBXFileReference section */
		7B97116B1BD589A800B0080C /* INTEGRATIONSERVERTEST.app */ = {isa = PBXFileReference; explicitFileType = wrapper.application; includeInIndex = 0; path = INTEGRATIONSERVERTEST.app; sourceTree = BUILT_PRODUCTS_DIR; };
		7B97116E1BD589A800B0080C /* AppDelegate.swift */ = {isa = PBXFileReference; lastKnownFileType = sourcecode.swift; path = AppDelegate.swift; sourceTree = "<group>"; };
		7B9711701BD589A800B0080C /* ViewController.swift */ = {isa = PBXFileReference; lastKnownFileType = sourcecode.swift; path = ViewController.swift; sourceTree = "<group>"; };
		7B9711731BD589A800B0080C /* Base */ = {isa = PBXFileReference; lastKnownFileType = file.storyboard; name = Base; path = Base.lproj/Main.storyboard; sourceTree = "<group>"; };
		7B9711761BD589A800B0080C /* INTEGRATIONSERVERTEST.xcdatamodel */ = {isa = PBXFileReference; lastKnownFileType = wrapper.xcdatamodel; path = INTEGRATIONSERVERTEST.xcdatamodel; sourceTree = "<group>"; };
		7B9711781BD589A800B0080C /* Assets.xcassets */ = {isa = PBXFileReference; lastKnownFileType = folder.assetcatalog; path = Assets.xcassets; sourceTree = "<group>"; };
		7B97117B1BD589A800B0080C /* Base */ = {isa = PBXFileReference; lastKnownFileType = file.storyboard; name = Base; path = Base.lproj/LaunchScreen.storyboard; sourceTree = "<group>"; };
		7B97117D1BD589A800B0080C /* Info.plist */ = {isa = PBXFileReference; lastKnownFileType = text.plist.xml; path = Info.plist; sourceTree = "<group>"; };
		7B9711821BD589A800B0080C /* INTEGRATIONSERVERTESTTests.xctest */ = {isa = PBXFileReference; explicitFileType = wrapper.cfbundle; includeInIndex = 0; path = INTEGRATIONSERVERTESTTests.xctest; sourceTree = BUILT_PRODUCTS_DIR; };
		7B9711861BD589A800B0080C /* INTEGRATIONSERVERTESTTests.swift */ = {isa = PBXFileReference; lastKnownFileType = sourcecode.swift; path = INTEGRATIONSERVERTESTTests.swift; sourceTree = "<group>"; };
		7B9711881BD589A800B0080C /* Info.plist */ = {isa = PBXFileReference; lastKnownFileType = text.plist.xml; path = Info.plist; sourceTree = "<group>"; };
		7B97118D1BD589A800B0080C /* INTEGRATIONSERVERTESTUITests.xctest */ = {isa = PBXFileReference; explicitFileType = wrapper.cfbundle; includeInIndex = 0; path = INTEGRATIONSERVERTESTUITests.xctest; sourceTree = BUILT_PRODUCTS_DIR; };
		7B9711911BD589A800B0080C /* INTEGRATIONSERVERTESTUITests.swift */ = {isa = PBXFileReference; lastKnownFileType = sourcecode.swift; path = INTEGRATIONSERVERTESTUITests.swift; sourceTree = "<group>"; };
		7B9711931BD589A800B0080C /* Info.plist */ = {isa = PBXFileReference; lastKnownFileType = text.plist.xml; path = Info.plist; sourceTree = "<group>"; };
/* End PBXFileReference section */

/* Begin PBXFrameworksBuildPhase section */
		7B9711681BD589A800B0080C /* Frameworks */ = {
			isa = PBXFrameworksBuildPhase;
			buildActionMask = 2147483647;
			files = (
			);
			runOnlyForDeploymentPostprocessing = 0;
		};
		7B97117F1BD589A800B0080C /* Frameworks */ = {
			isa = PBXFrameworksBuildPhase;
			buildActionMask = 2147483647;
			files = (
			);
			runOnlyForDeploymentPostprocessing = 0;
		};
		7B97118A1BD589A800B0080C /* Frameworks */ = {
			isa = PBXFrameworksBuildPhase;
			buildActionMask = 2147483647;
			files = (
			);
			runOnlyForDeploymentPostprocessing = 0;
		};
/* End PBXFrameworksBuildPhase section */

/* Begin PBXGroup section */
		7B9711621BD589A800B0080C = {
			isa = PBXGroup;
			children = (
				7B97116D1BD589A800B0080C /* INTEGRATIONSERVERTEST */,
				7B9711851BD589A800B0080C /* INTEGRATIONSERVERTESTTests */,
				7B9711901BD589A800B0080C /* INTEGRATIONSERVERTESTUITests */,
				7B97116C1BD589A800B0080C /* Products */,
			);
			sourceTree = "<group>";
		};
		7B97116C1BD589A800B0080C /* Products */ = {
			isa = PBXGroup;
			children = (
				7B97116B1BD589A800B0080C /* INTEGRATIONSERVERTEST.app */,
				7B9711821BD589A800B0080C /* INTEGRATIONSERVERTESTTests.xctest */,
				7B97118D1BD589A800B0080C /* INTEGRATIONSERVERTESTUITests.xctest */,
			);
			name = Products;
			sourceTree = "<group>";
		};
		7B97116D1BD589A800B0080C /* INTEGRATIONSERVERTEST */ = {
			isa = PBXGroup;
			children = (
				7B97116E1BD589A800B0080C /* AppDelegate.swift */,
				7B9711701BD589A800B0080C /* ViewController.swift */,
				7B9711721BD589A800B0080C /* Main.storyboard */,
				7B9711781BD589A800B0080C /* Assets.xcassets */,
				7B97117A1BD589A800B0080C /* LaunchScreen.storyboard */,
				7B97117D1BD589A800B0080C /* Info.plist */,
				7B9711751BD589A800B0080C /* INTEGRATIONSERVERTEST.xcdatamodeld */,
			);
			path = INTEGRATIONSERVERTEST;
			sourceTree = "<group>";
		};
		7B9711851BD589A800B0080C /* INTEGRATIONSERVERTESTTests */ = {
			isa = PBXGroup;
			children = (
				7B9711861BD589A800B0080C /* INTEGRATIONSERVERTESTTests.swift */,
				7B9711881BD589A800B0080C /* Info.plist */,
			);
			path = INTEGRATIONSERVERTESTTests;
			sourceTree = "<group>";
		};
		7B9711901BD589A800B0080C /* INTEGRATIONSERVERTESTUITests */ = {
			isa = PBXGroup;
			children = (
				7B9711911BD589A800B0080C /* INTEGRATIONSERVERTESTUITests.swift */,
				7B9711931BD589A800B0080C /* Info.plist */,
			);
			path = INTEGRATIONSERVERTESTUITests;
			sourceTree = "<group>";
		};
/* End PBXGroup section */

/* Begin PBXNativeTarget section */
		7B97116A1BD589A800B0080C /* INTEGRATIONSERVERTEST */ = {
			isa = PBXNativeTarget;
			buildConfigurationList = 7B9711961BD589A800B0080C /* Build configuration list for PBXNativeTarget "INTEGRATIONSERVERTEST" */;
			buildPhases = (
				7B9711671BD589A800B0080C /* Sources */,
				7B9711681BD589A800B0080C /* Frameworks */,
				7B9711691BD589A800B0080C /* Resources */,
			);
			buildRules = (
			);
			dependencies = (
			);
			name = INTEGRATIONSERVERTEST;
			productName = INTEGRATIONSERVERTEST;
			productReference = 7B97116B1BD589A800B0080C /* INTEGRATIONSERVERTEST.app */;
			productType = "com.apple.product-type.application";
		};
		7B9711811BD589A800B0080C /* INTEGRATIONSERVERTESTTests */ = {
			isa = PBXNativeTarget;
			buildConfigurationList = 7B9711991BD589A800B0080C /* Build configuration list for PBXNativeTarget "INTEGRATIONSERVERTESTTests" */;
			buildPhases = (
				7B97117E1BD589A800B0080C /* Sources */,
				7B97117F1BD589A800B0080C /* Frameworks */,
				7B9711801BD589A800B0080C /* Resources */,
			);
			buildRules = (
			);
			dependencies = (
				7B9711841BD589A800B0080C /* PBXTargetDependency */,
			);
			name = INTEGRATIONSERVERTESTTests;
			productName = INTEGRATIONSERVERTESTTests;
			productReference = 7B9711821BD589A800B0080C /* INTEGRATIONSERVERTESTTests.xctest */;
			productType = "com.apple.product-type.bundle.unit-test";
		};
		7B97118C1BD589A800B0080C /* INTEGRATIONSERVERTESTUITests */ = {
			isa = PBXNativeTarget;
			buildConfigurationList = 7B97119C1BD589A800B0080C /* Build configuration list for PBXNativeTarget "INTEGRATIONSERVERTESTUITests" */;
			buildPhases = (
				7B9711891BD589A800B0080C /* Sources */,
				7B97118A1BD589A800B0080C /* Frameworks */,
				7B97118B1BD589A800B0080C /* Resources */,
			);
			buildRules = (
			);
			dependencies = (
				7B97118F1BD589A800B0080C /* PBXTargetDependency */,
			);
			name = INTEGRATIONSERVERTESTUITests;
			productName = INTEGRATIONSERVERTESTUITests;
			productReference = 7B97118D1BD589A800B0080C /* INTEGRATIONSERVERTESTUITests.xctest */;
			productType = "com.apple.product-type.bundle.ui-testing";
		};
/* End PBXNativeTarget section */

/* Begin PBXProject section */
		7B9711631BD589A800B0080C /* Project object */ = {
			isa = PBXProject;
			attributes = {
				LastUpgradeCheck = 0700;
				ORGANIZATIONNAME = "Justin Warmkessel";
				TargetAttributes = {
					7B97116A1BD589A800B0080C = {
						CreatedOnToolsVersion = 7.0.1;
					};
					7B9711811BD589A800B0080C = {
						CreatedOnToolsVersion = 7.0.1;
						TestTargetID = 7B97116A1BD589A800B0080C;
					};
					7B97118C1BD589A800B0080C = {
						CreatedOnToolsVersion = 7.0.1;
						TestTargetID = 7B97116A1BD589A800B0080C;
					};
				};
			};
			buildConfigurationList = 7B9711661BD589A800B0080C /* Build configuration list for PBXProject "INTEGRATIONSERVERTEST" */;
			compatibilityVersion = "Xcode 3.2";
			developmentRegion = English;
			hasScannedForEncodings = 0;
			knownRegions = (
				en,
				Base,
			);
			mainGroup = 7B9711621BD589A800B0080C;
			productRefGroup = 7B97116C1BD589A800B0080C /* Products */;
			projectDirPath = "";
			projectRoot = "";
			targets = (
				7B97116A1BD589A800B0080C /* INTEGRATIONSERVERTEST */,
				7B9711811BD589A800B0080C /* INTEGRATIONSERVERTESTTests */,
				7B97118C1BD589A800B0080C /* INTEGRATIONSERVERTESTUITests */,
			);
		};
/* End PBXProject section */

/* Begin PBXResourcesBuildPhase section */
		7B9711691BD589A800B0080C /* Resources */ = {
			isa = PBXResourcesBuildPhase;
			buildActionMask = 2147483647;
			files = (
				7B97117C1BD589A800B0080C /* LaunchScreen.storyboard in Resources */,
				7B9711791BD589A800B0080C /* Assets.xcassets in Resources */,
				7B9711741BD589A800B0080C /* Main.storyboard in Resources */,
			);
			runOnlyForDeploymentPostprocessing = 0;
		};
		7B9711801BD589A800B0080C /* Resources */ = {
			isa = PBXResourcesBuildPhase;
			buildActionMask = 2147483647;
			files = (
			);
			runOnlyForDeploymentPostprocessing = 0;
		};
		7B97118B1BD589A800B0080C /* Resources */ = {
			isa = PBXResourcesBuildPhase;
			buildActionMask = 2147483647;
			files = (
			);
			runOnlyForDeploymentPostprocessing = 0;
		};
/* End PBXResourcesBuildPhase section */

/* Begin PBXSourcesBuildPhase section */
		7B9711671BD589A800B0080C /* Sources */ = {
			isa = PBXSourcesBuildPhase;
			buildActionMask = 2147483647;
			files = (
				7B9711771BD589A800B0080C /* INTEGRATIONSERVERTEST.xcdatamodeld in Sources */,
				7B9711711BD589A800B0080C /* ViewController.swift in Sources */,
				7B97116F1BD589A800B0080C /* AppDelegate.swift in Sources */,
			);
			runOnlyForDeploymentPostprocessing = 0;
		};
		7B97117E1BD589A800B0080C /* Sources */ = {
			isa = PBXSourcesBuildPhase;
			buildActionMask = 2147483647;
			files = (
				7B9711871BD589A800B0080C /* INTEGRATIONSERVERTESTTests.swift in Sources */,
			);
			runOnlyForDeploymentPostprocessing = 0;
		};
		7B9711891BD589A800B0080C /* Sources */ = {
			isa = PBXSourcesBuildPhase;
			buildActionMask = 2147483647;
			files = (
				7B9711921BD589A800B0080C /* INTEGRATIONSERVERTESTUITests.swift in Sources */,
			);
			runOnlyForDeploymentPostprocessing = 0;
		};
/* End PBXSourcesBuildPhase section */

/* Begin PBXTargetDependency section */
		7B9711841BD589A800B0080C /* PBXTargetDependency */ = {
			isa = PBXTargetDependency;
			target = 7B97116A1BD589A800B0080C /* INTEGRATIONSERVERTEST */;
			targetProxy = 7B9711831BD589A800B0080C /* PBXContainerItemProxy */;
		};
		7B97118F1BD589A800B0080C /* PBXTargetDependency */ = {
			isa = PBXTargetDependency;
			target = 7B97116A1BD589A800B0080C /* INTEGRATIONSERVERTEST */;
			targetProxy = 7B97118E1BD589A800B0080C /* PBXContainerItemProxy */;
		};
/* End PBXTargetDependency section */

/* Begin PBXVariantGroup section */
		7B9711721BD589A800B0080C /* Main.storyboard */ = {
			isa = PBXVariantGroup;
			children = (
				7B9711731BD589A800B0080C /* Base */,
			);
			name = Main.storyboard;
			sourceTree = "<group>";
		};
		7B97117A1BD589A800B0080C /* LaunchScreen.storyboard */ = {
			isa = PBXVariantGroup;
			children = (
				7B97117B1BD589A800B0080C /* Base */,
			);
			name = LaunchScreen.storyboard;
			sourceTree = "<group>";
		};
/* End PBXVariantGroup section */

/* Begin XCBuildConfiguration section */
		7B9711941BD589A800B0080C /* Debug */ = {
			isa = XCBuildConfiguration;
			buildSettings = {
				ALWAYS_SEARCH_USER_PATHS = NO;
				CLANG_CXX_LANGUAGE_STANDARD = "gnu++0x";
				CLANG_CXX_LIBRARY = "libc++";
				CLANG_ENABLE_MODULES = YES;
				CLANG_ENABLE_OBJC_ARC = YES;
				CLANG_WARN_BOOL_CONVERSION = YES;
				CLANG_WARN_CONSTANT_CONVERSION = YES;
				CLANG_WARN_DIRECT_OBJC_ISA_USAGE = YES_ERROR;
				CLANG_WARN_EMPTY_BODY = YES;
				CLANG_WARN_ENUM_CONVERSION = YES;
				CLANG_WARN_INT_CONVERSION = YES;
				CLANG_WARN_OBJC_ROOT_CLASS = YES_ERROR;
				CLANG_WARN_UNREACHABLE_CODE = YES;
				CLANG_WARN__DUPLICATE_METHOD_MATCH = YES;
				"CODE_SIGN_IDENTITY[sdk=iphoneos*]" = "iPhone Developer";
				COPY_PHASE_STRIP = NO;
				DEBUG_INFORMATION_FORMAT = dwarf;
				ENABLE_STRICT_OBJC_MSGSEND = YES;
				ENABLE_TESTABILITY = YES;
				GCC_C_LANGUAGE_STANDARD = gnu99;
				GCC_DYNAMIC_NO_PIC = NO;
				GCC_NO_COMMON_BLOCKS = YES;
				GCC_OPTIMIZATION_LEVEL = 0;
				GCC_PREPROCESSOR_DEFINITIONS = (
					"DEBUG=1",
					"$(inherited)",
				);
				GCC_WARN_64_TO_32_BIT_CONVERSION = YES;
				GCC_WARN_ABOUT_RETURN_TYPE = YES_ERROR;
				GCC_WARN_UNDECLARED_SELECTOR = YES;
				GCC_WARN_UNINITIALIZED_AUTOS = YES_AGGRESSIVE;
				GCC_WARN_UNUSED_FUNCTION = YES;
				GCC_WARN_UNUSED_VARIABLE = YES;
				IPHONEOS_DEPLOYMENT_TARGET = 9.0;
				MTL_ENABLE_DEBUG_INFO = YES;
				ONLY_ACTIVE_ARCH = YES;
				SDKROOT = iphoneos;
				SWIFT_OPTIMIZATION_LEVEL = "-Onone";
				TARGETED_DEVICE_FAMILY = "1,2";
			};
			name = Debug;
		};
		7B9711951BD589A800B0080C /* Release */ = {
			isa = XCBuildConfiguration;
			buildSettings = {
				ALWAYS_SEARCH_USER_PATHS = NO;
				CLANG_CXX_LANGUAGE_STANDARD = "gnu++0x";
				CLANG_CXX_LIBRARY = "libc++";
				CLANG_ENABLE_MODULES = YES;
				CLANG_ENABLE_OBJC_ARC = YES;
				CLANG_WARN_BOOL_CONVERSION = YES;
				CLANG_WARN_CONSTANT_CONVERSION = YES;
				CLANG_WARN_DIRECT_OBJC_ISA_USAGE = YES_ERROR;
				CLANG_WARN_EMPTY_BODY = YES;
				CLANG_WARN_ENUM_CONVERSION = YES;
				CLANG_WARN_INT_CONVERSION = YES;
				CLANG_WARN_OBJC_ROOT_CLASS = YES_ERROR;
				CLANG_WARN_UNREACHABLE_CODE = YES;
				CLANG_WARN__DUPLICATE_METHOD_MATCH = YES;
				"CODE_SIGN_IDENTITY[sdk=iphoneos*]" = "iPhone Developer";
				COPY_PHASE_STRIP = NO;
				DEBUG_INFORMATION_FORMAT = "dwarf-with-dsym";
				ENABLE_NS_ASSERTIONS = NO;
				ENABLE_STRICT_OBJC_MSGSEND = YES;
				GCC_C_LANGUAGE_STANDARD = gnu99;
				GCC_NO_COMMON_BLOCKS = YES;
				GCC_WARN_64_TO_32_BIT_CONVERSION = YES;
				GCC_WARN_ABOUT_RETURN_TYPE = YES_ERROR;
				GCC_WARN_UNDECLARED_SELECTOR = YES;
				GCC_WARN_UNINITIALIZED_AUTOS = YES_AGGRESSIVE;
				GCC_WARN_UNUSED_FUNCTION = YES;
				GCC_WARN_UNUSED_VARIABLE = YES;
				IPHONEOS_DEPLOYMENT_TARGET = 9.0;
				MTL_ENABLE_DEBUG_INFO = NO;
				SDKROOT = iphoneos;
				TARGETED_DEVICE_FAMILY = "1,2";
				VALIDATE_PRODUCT = YES;
			};
			name = Release;
		};
		7B9711971BD589A800B0080C /* Debug */ = {
			isa = XCBuildConfiguration;
			buildSettings = {
				ASSETCATALOG_COMPILER_APPICON_NAME = AppIcon;
				INFOPLIST_FILE = INTEGRATIONSERVERTEST/Info.plist;
				LD_RUNPATH_SEARCH_PATHS = "$(inherited) @executable_path/Frameworks";
				PRODUCT_BUNDLE_IDENTIFIER = com.mythworthy.INTEGRATIONSERVERTEST;
				PRODUCT_NAME = "$(TARGET_NAME)";
			};
			name = Debug;
		};
		7B9711981BD589A800B0080C /* Release */ = {
			isa = XCBuildConfiguration;
			buildSettings = {
				ASSETCATALOG_COMPILER_APPICON_NAME = AppIcon;
				INFOPLIST_FILE = INTEGRATIONSERVERTEST/Info.plist;
				LD_RUNPATH_SEARCH_PATHS = "$(inherited) @executable_path/Frameworks";
				PRODUCT_BUNDLE_IDENTIFIER = com.mythworthy.INTEGRATIONSERVERTEST;
				PRODUCT_NAME = "$(TARGET_NAME)";
			};
			name = Release;
		};
		7B97119A1BD589A800B0080C /* Debug */ = {
			isa = XCBuildConfiguration;
			buildSettings = {
				BUNDLE_LOADER = "$(TEST_HOST)";
				INFOPLIST_FILE = INTEGRATIONSERVERTESTTests/Info.plist;
				LD_RUNPATH_SEARCH_PATHS = "$(inherited) @executable_path/Frameworks @loader_path/Frameworks";
				PRODUCT_BUNDLE_IDENTIFIER = com.mythworthy.INTEGRATIONSERVERTESTTests;
				PRODUCT_NAME = "$(TARGET_NAME)";
				TEST_HOST = "$(BUILT_PRODUCTS_DIR)/INTEGRATIONSERVERTEST.app/INTEGRATIONSERVERTEST";
			};
			name = Debug;
		};
		7B97119B1BD589A800B0080C /* Release */ = {
			isa = XCBuildConfiguration;
			buildSettings = {
				BUNDLE_LOADER = "$(TEST_HOST)";
				INFOPLIST_FILE = INTEGRATIONSERVERTESTTests/Info.plist;
				LD_RUNPATH_SEARCH_PATHS = "$(inherited) @executable_path/Frameworks @loader_path/Frameworks";
				PRODUCT_BUNDLE_IDENTIFIER = com.mythworthy.INTEGRATIONSERVERTESTTests;
				PRODUCT_NAME = "$(TARGET_NAME)";
				TEST_HOST = "$(BUILT_PRODUCTS_DIR)/INTEGRATIONSERVERTEST.app/INTEGRATIONSERVERTEST";
			};
			name = Release;
		};
		7B97119D1BD589A800B0080C /* Debug */ = {
			isa = XCBuildConfiguration;
			buildSettings = {
				INFOPLIST_FILE = INTEGRATIONSERVERTESTUITests/Info.plist;
				LD_RUNPATH_SEARCH_PATHS = "$(inherited) @executable_path/Frameworks @loader_path/Frameworks";
				PRODUCT_BUNDLE_IDENTIFIER = com.mythworthy.INTEGRATIONSERVERTESTUITests;
				PRODUCT_NAME = "$(TARGET_NAME)";
				TEST_TARGET_NAME = INTEGRATIONSERVERTEST;
				USES_XCTRUNNER = YES;
			};
			name = Debug;
		};
		7B97119E1BD589A800B0080C /* Release */ = {
			isa = XCBuildConfiguration;
			buildSettings = {
				INFOPLIST_FILE = INTEGRATIONSERVERTESTUITests/Info.plist;
				LD_RUNPATH_SEARCH_PATHS = "$(inherited) @executable_path/Frameworks @loader_path/Frameworks";
				PRODUCT_BUNDLE_IDENTIFIER = com.mythworthy.INTEGRATIONSERVERTESTUITests;
				PRODUCT_NAME = "$(TARGET_NAME)";
				TEST_TARGET_NAME = INTEGRATIONSERVERTEST;
				USES_XCTRUNNER = YES;
			};
			name = Release;
		};
/* End XCBuildConfiguration section */

/* Begin XCConfigurationList section */
		7B9711661BD589A800B0080C /* Build configuration list for PBXProject "INTEGRATIONSERVERTEST" */ = {
			isa = XCConfigurationList;
			buildConfigurations = (
				7B9711941BD589A800B0080C /* Debug */,
				7B9711951BD589A800B0080C /* Release */,
			);
			defaultConfigurationIsVisible = 0;
			defaultConfigurationName = Release;
		};
		7B9711961BD589A800B0080C /* Build configuration list for PBXNativeTarget "INTEGRATIONSERVERTEST" */ = {
			isa = XCConfigurationList;
			buildConfigurations = (
				7B9711971BD589A800B0080C /* Debug */,
				7B9711981BD589A800B0080C /* Release */,
			);
			defaultConfigurationIsVisible = 0;
		};
		7B9711991BD589A800B0080C /* Build configuration list for PBXNativeTarget "INTEGRATIONSERVERTESTTests" */ = {
			isa = XCConfigurationList;
			buildConfigurations = (
				7B97119A1BD589A800B0080C /* Debug */,
				7B97119B1BD589A800B0080C /* Release */,
			);
			defaultConfigurationIsVisible = 0;
		};
		7B97119C1BD589A800B0080C /* Build configuration list for PBXNativeTarget "INTEGRATIONSERVERTESTUITests" */ = {
			isa = XCConfigurationList;
			buildConfigurations = (
				7B97119D1BD589A800B0080C /* Debug */,
				7B97119E1BD589A800B0080C /* Release */,
			);
			defaultConfigurationIsVisible = 0;
		};
/* End XCConfigurationList section */

/* Begin XCVersionGroup section */
		7B9711751BD589A800B0080C /* INTEGRATIONSERVERTEST.xcdatamodeld */ = {
			isa = XCVersionGroup;
			children = (
				7B9711761BD589A800B0080C /* INTEGRATIONSERVERTEST.xcdatamodel */,
			);
			currentVersion = 7B9711761BD589A800B0080C /* INTEGRATIONSERVERTEST.xcdatamodel */;
			path = INTEGRATIONSERVERTEST.xcdatamodeld;
			sourceTree = "<group>";
			versionGroupType = wrapper.xcdatamodel;
		};
/* End XCVersionGroup section */
	};
	rootObject = 7B9711631BD589A800B0080C /* Project object */;
}
